
Microsoft Visual Studio Solution File, Format Version 12.00
# Visual Studio Version 17
VisualStudioVersion = 17.9.34728.123
MinimumVisualStudioVersion = 10.0.40219.1
Project("{2150E333-8FDC-42A3-9474-1A3956D46DE8}") = "Lab1", "Lab1", "{79176983-A28C-46DA-B7DA-38A15D4A7175}"
EndProject
Project("{9A19103F-16F7-4668-BE54-9A1E7A4F7556}") = "Lab1.Source", "Lab1.Source\Lab1.Source.csproj", "{DACE3F8E-1941-44A0-BE65-9B8A95EA4B1E}"
EndProject
Project("{FAE04EC0-301F-11D3-BF4B-00C04F79EFBC}") = "Lab1.Tests", "Lab1.Tests\Lab1.Tests.csproj", "{76870928-BEDC-498A-A95B-19B6106B1690}"
EndProject
Project("{2150E333-8FDC-42A3-9474-1A3956D46DE8}") = "Элементы решения", "Элементы решения", "{65353225-1D0F-402B-9874-2B35179E6950}"
	ProjectSection(SolutionItems) = preProject
		build.proj = build.proj
	EndProjectSection
EndProject
Global
	GlobalSection(SolutionConfigurationPlatforms) = preSolution
		Debug|Any CPU = Debug|Any CPU
		Release|Any CPU = Release|Any CPU
	EndGlobalSection
	GlobalSection(ProjectConfigurationPlatforms) = postSolution
		{DACE3F8E-1941-44A0-BE65-9B8A95EA4B1E}.Debug|Any CPU.ActiveCfg = Debug|Any CPU
		{DACE3F8E-1941-44A0-BE65-9B8A95EA4B1E}.Debug|Any CPU.Build.0 = Debug|Any CPU
		{DACE3F8E-1941-44A0-BE65-9B8A95EA4B1E}.Release|Any CPU.ActiveCfg = Release|Any CPU
		{DACE3F8E-1941-44A0-BE65-9B8A95EA4B1E}.Release|Any CPU.Build.0 = Release|Any CPU
		{76870928-BEDC-498A-A95B-19B6106B1690}.Debug|Any CPU.ActiveCfg = Debug|Any CPU
		{76870928-BEDC-498A-A95B-19B6106B1690}.Debug|Any CPU.Build.0 = Debug|Any CPU
		{76870928-BEDC-498A-A95B-19B6106B1690}.Release|Any CPU.ActiveCfg = Release|Any CPU
		{76870928-BEDC-498A-A95B-19B6106B1690}.Release|Any CPU.Build.0 = Release|Any CPU
	EndGlobalSection
	GlobalSection(SolutionProperties) = preSolution
		HideSolutionNode = FALSE
	EndGlobalSection
	GlobalSection(NestedProjects) = preSolution
		{DACE3F8E-1941-44A0-BE65-9B8A95EA4B1E} = {79176983-A28C-46DA-B7DA-38A15D4A7175}
		{76870928-BEDC-498A-A95B-19B6106B1690} = {79176983-A28C-46DA-B7DA-38A15D4A7175}
	EndGlobalSection
	GlobalSection(ExtensibilityGlobals) = postSolution
		SolutionGuid = {1312C4AF-F4D1-4265-A292-6C1B5EF4133A}
	EndGlobalSection
EndGlobal
